hash: 3fa509841e812418cf94b0a6e313055b7fc70971f63f8b31438bc53570b42d4c
updated: 2017-08-17T03:26:37.9121794-07:00
imports:
- name: github.com/chanxuehong/rand
  version: b54bf7f93440da0b6c81b05276d69cdcbf32c918
- name: github.com/chanxuehong/util
  version: 4dc861133a301f25df94db072fa9a1d73697a530
  subpackages:
  - security
- name: github.com/chanxuehong/wechat.v2
  version: 97e0c906f3be8a5de7226bf0d5a61f71a6846919
  subpackages:
  - internal/debug/api
  - internal/debug/api/retry
  - internal/debug/callback
  - internal/util
  - mp/core
  - mp/message/callback/request
  - mp/message/callback/response
  - util
- name: github.com/jcuga/golongpoll
  version: 645f5b7692d8f02ab5537866ae04a00478e91e97
- name: github.com/line/line-bot-sdk-go
  version: 3a7d66f5efce6ac202f650134609f9d6d163a640
  subpackages:
  - linebot
- name: github.com/nu7hatch/gouuid
  version: 179d4d0c4d8d407a32af483c2354df1d2c91e6c3
- name: golang.org/x/net
  version: 1c05540f6879653db88113bc4a2b70aec4bd491f
  subpackages:
  - context
  - context/ctxhttp
testImports: []
